
Microsoft Visual Studio Solution File, Format Version 12.00
# Visual Studio Version 17
VisualStudioVersion = 17.0.31903.59
MinimumVisualStudioVersion = 10.0.40219.1
Project("{2150E333-8FDC-42A3-9474-1A3956D46DE8}") = "src", "src", "{13FA96F9-4E5E-4118-8D5B-FFCBC6F8B0B8}"
EndProject
Project("{FAE04EC0-301F-11D3-BF4B-00C04F79EFBC}") = "BuberDinner.Api", "src\BuberDinner.Api\BuberDinner.Api.csproj", "{110370DA-54A4-4381-80F2-307B68FD9D9E}"
EndProject
Project("{FAE04EC0-301F-11D3-BF4B-00C04F79EFBC}") = "BuberDinner.Application", "src\BuberDinner.Application\BuberDinner.Application.csproj", "{81367073-05B0-4166-884B-E61E502AA7D3}"
EndProject
Project("{FAE04EC0-301F-11D3-BF4B-00C04F79EFBC}") = "BuberDinner.Contracts", "src\BuberDinner.Contracts\BuberDinner.Contracts.csproj", "{B949A797-60C3-4C73-A1F1-54B27897D4EC}"
EndProject
Project("{FAE04EC0-301F-11D3-BF4B-00C04F79EFBC}") = "BuberDinner.Domain", "src\BuberDinner.Domain\BuberDinner.Domain.csproj", "{409AEF58-2D10-4E5E-91B3-3479C9F89DE7}"
EndProject
Project("{FAE04EC0-301F-11D3-BF4B-00C04F79EFBC}") = "BuberDinner.Infrastructure", "src\BuberDinner.Infrastructure\BuberDinner.Infrastructure.csproj", "{83F79772-8BAD-47A5-BEB1-1B942096FF93}"
EndProject
Project("{2150E333-8FDC-42A3-9474-1A3956D46DE8}") = "tests", "tests", "{B1920B74-DEF6-4E36-9935-5966F1905924}"
EndProject
Project("{2150E333-8FDC-42A3-9474-1A3956D46DE8}") = "UnitTests", "UnitTests", "{7E04A3FC-65B1-4F6E-8525-D6292C54ADA1}"
EndProject
Project("{FAE04EC0-301F-11D3-BF4B-00C04F79EFBC}") = "BuberDinner.Api.UnitTests", "tests\UnitTests\BuberDinner.Api.UnitTests\BuberDinner.Api.UnitTests.csproj", "{F30EA9DB-25A7-4D4B-B93F-489707CC8771}"
EndProject
Project("{FAE04EC0-301F-11D3-BF4B-00C04F79EFBC}") = "BuberDinner.Application.UnitTests", "tests\UnitTests\BuberDinner.Application.UnitTests\BuberDinner.Application.UnitTests.csproj", "{F2D66780-D5B7-41BB-885A-A0489C33C166}"
EndProject
Project("{FAE04EC0-301F-11D3-BF4B-00C04F79EFBC}") = "BuberDinner.Domain.UnitTests", "tests\UnitTests\BuberDinner.Domain.UnitTests\BuberDinner.Domain.UnitTests.csproj", "{DCF1DCCD-F563-4A53-AE8F-533D93F05668}"
EndProject
Project("{FAE04EC0-301F-11D3-BF4B-00C04F79EFBC}") = "BuberDinner.Infrastructure.UnitTests", "tests\UnitTests\BuberDinner.Infrastructure.UnitTests\BuberDinner.Infrastructure.UnitTests.csproj", "{38974D8C-B26B-4805-A8B7-E6E0C20C9339}"
EndProject
Global
	GlobalSection(SolutionConfigurationPlatforms) = preSolution
		Debug|Any CPU = Debug|Any CPU
		Release|Any CPU = Release|Any CPU
	EndGlobalSection
	GlobalSection(SolutionProperties) = preSolution
		HideSolutionNode = FALSE
	EndGlobalSection
	GlobalSection(ProjectConfigurationPlatforms) = postSolution
		{110370DA-54A4-4381-80F2-307B68FD9D9E}.Debug|Any CPU.ActiveCfg = Debug|Any CPU
		{110370DA-54A4-4381-80F2-307B68FD9D9E}.Debug|Any CPU.Build.0 = Debug|Any CPU
		{110370DA-54A4-4381-80F2-307B68FD9D9E}.Release|Any CPU.ActiveCfg = Release|Any CPU
		{110370DA-54A4-4381-80F2-307B68FD9D9E}.Release|Any CPU.Build.0 = Release|Any CPU
		{81367073-05B0-4166-884B-E61E502AA7D3}.Debug|Any CPU.ActiveCfg = Debug|Any CPU
		{81367073-05B0-4166-884B-E61E502AA7D3}.Debug|Any CPU.Build.0 = Debug|Any CPU
		{81367073-05B0-4166-884B-E61E502AA7D3}.Release|Any CPU.ActiveCfg = Release|Any CPU
		{81367073-05B0-4166-884B-E61E502AA7D3}.Release|Any CPU.Build.0 = Release|Any CPU
		{B949A797-60C3-4C73-A1F1-54B27897D4EC}.Debug|Any CPU.ActiveCfg = Debug|Any CPU
		{B949A797-60C3-4C73-A1F1-54B27897D4EC}.Debug|Any CPU.Build.0 = Debug|Any CPU
		{B949A797-60C3-4C73-A1F1-54B27897D4EC}.Release|Any CPU.ActiveCfg = Release|Any CPU
		{B949A797-60C3-4C73-A1F1-54B27897D4EC}.Release|Any CPU.Build.0 = Release|Any CPU
		{409AEF58-2D10-4E5E-91B3-3479C9F89DE7}.Debug|Any CPU.ActiveCfg = Debug|Any CPU
		{409AEF58-2D10-4E5E-91B3-3479C9F89DE7}.Debug|Any CPU.Build.0 = Debug|Any CPU
		{409AEF58-2D10-4E5E-91B3-3479C9F89DE7}.Release|Any CPU.ActiveCfg = Release|Any CPU
		{409AEF58-2D10-4E5E-91B3-3479C9F89DE7}.Release|Any CPU.Build.0 = Release|Any CPU
		{83F79772-8BAD-47A5-BEB1-1B942096FF93}.Debug|Any CPU.ActiveCfg = Debug|Any CPU
		{83F79772-8BAD-47A5-BEB1-1B942096FF93}.Debug|Any CPU.Build.0 = Debug|Any CPU
		{83F79772-8BAD-47A5-BEB1-1B942096FF93}.Release|Any CPU.ActiveCfg = Release|Any CPU
		{83F79772-8BAD-47A5-BEB1-1B942096FF93}.Release|Any CPU.Build.0 = Release|Any CPU
		{F30EA9DB-25A7-4D4B-B93F-489707CC8771}.Debug|Any CPU.ActiveCfg = Debug|Any CPU
		{F30EA9DB-25A7-4D4B-B93F-489707CC8771}.Debug|Any CPU.Build.0 = Debug|Any CPU
		{F30EA9DB-25A7-4D4B-B93F-489707CC8771}.Release|Any CPU.ActiveCfg = Release|Any CPU
		{F30EA9DB-25A7-4D4B-B93F-489707CC8771}.Release|Any CPU.Build.0 = Release|Any CPU
		{F2D66780-D5B7-41BB-885A-A0489C33C166}.Debug|Any CPU.ActiveCfg = Debug|Any CPU
		{F2D66780-D5B7-41BB-885A-A0489C33C166}.Debug|Any CPU.Build.0 = Debug|Any CPU
		{F2D66780-D5B7-41BB-885A-A0489C33C166}.Release|Any CPU.ActiveCfg = Release|Any CPU
		{F2D66780-D5B7-41BB-885A-A0489C33C166}.Release|Any CPU.Build.0 = Release|Any CPU
		{DCF1DCCD-F563-4A53-AE8F-533D93F05668}.Debug|Any CPU.ActiveCfg = Debug|Any CPU
		{DCF1DCCD-F563-4A53-AE8F-533D93F05668}.Debug|Any CPU.Build.0 = Debug|Any CPU
		{DCF1DCCD-F563-4A53-AE8F-533D93F05668}.Release|Any CPU.ActiveCfg = Release|Any CPU
		{DCF1DCCD-F563-4A53-AE8F-533D93F05668}.Release|Any CPU.Build.0 = Release|Any CPU
		{38974D8C-B26B-4805-A8B7-E6E0C20C9339}.Debug|Any CPU.ActiveCfg = Debug|Any CPU
		{38974D8C-B26B-4805-A8B7-E6E0C20C9339}.Debug|Any CPU.Build.0 = Debug|Any CPU
		{38974D8C-B26B-4805-A8B7-E6E0C20C9339}.Release|Any CPU.ActiveCfg = Release|Any CPU
		{38974D8C-B26B-4805-A8B7-E6E0C20C9339}.Release|Any CPU.Build.0 = Release|Any CPU
	EndGlobalSection
	GlobalSection(NestedProjects) = preSolution
		{110370DA-54A4-4381-80F2-307B68FD9D9E} = {13FA96F9-4E5E-4118-8D5B-FFCBC6F8B0B8}
		{81367073-05B0-4166-884B-E61E502AA7D3} = {13FA96F9-4E5E-4118-8D5B-FFCBC6F8B0B8}
		{B949A797-60C3-4C73-A1F1-54B27897D4EC} = {13FA96F9-4E5E-4118-8D5B-FFCBC6F8B0B8}
		{409AEF58-2D10-4E5E-91B3-3479C9F89DE7} = {13FA96F9-4E5E-4118-8D5B-FFCBC6F8B0B8}
		{83F79772-8BAD-47A5-BEB1-1B942096FF93} = {13FA96F9-4E5E-4118-8D5B-FFCBC6F8B0B8}
		{7E04A3FC-65B1-4F6E-8525-D6292C54ADA1} = {B1920B74-DEF6-4E36-9935-5966F1905924}
		{F30EA9DB-25A7-4D4B-B93F-489707CC8771} = {7E04A3FC-65B1-4F6E-8525-D6292C54ADA1}
		{F2D66780-D5B7-41BB-885A-A0489C33C166} = {7E04A3FC-65B1-4F6E-8525-D6292C54ADA1}
		{DCF1DCCD-F563-4A53-AE8F-533D93F05668} = {7E04A3FC-65B1-4F6E-8525-D6292C54ADA1}
		{38974D8C-B26B-4805-A8B7-E6E0C20C9339} = {7E04A3FC-65B1-4F6E-8525-D6292C54ADA1}
	EndGlobalSection
EndGlobal
